// !$*UTF8*$!
{
	archiveVersion = 1;
	classes = {
	};
	objectVersion = 46;
	objects = {

/* Begin PBXBuildFile section */
		A0327A191D8C67BB00C2EDEA /* 26 Remove Duplicates from Sorted Array.cpp in Sources */ = {isa = PBXBuildFile; fileRef = A0327A181D8C67BB00C2EDEA /* 26 Remove Duplicates from Sorted Array.cpp */; };
		A036CF991D78153900A95825 /* 389 Find the Difference.cpp in Sources */ = {isa = PBXBuildFile; fileRef = A036CF981D78153900A95825 /* 389 Find the Difference.cpp */; };
		A036CF9B1D78181E00A95825 /* 85 Maximal Rectangle.cpp in Sources */ = {isa = PBXBuildFile; fileRef = A036CF9A1D78181E00A95825 /* 85 Maximal Rectangle.cpp */; };
		A036CF9D1D795B9200A95825 /* 214 Shortest Palindrome.cpp in Sources */ = {isa = PBXBuildFile; fileRef = A036CF9C1D795B9200A95825 /* 214 Shortest Palindrome.cpp */; };
		A0787F3C1D7DBADC00A2109E /* 383 Ransom Note.cpp in Sources */ = {isa = PBXBuildFile; fileRef = A0787F3B1D7DBADC00A2109E /* 383 Ransom Note.cpp */; };
		A0787F3E1D7DBC4B00A2109E /* 71 Simplify Path.cpp in Sources */ = {isa = PBXBuildFile; fileRef = A0787F3D1D7DBC4B00A2109E /* 71 Simplify Path.cpp */; };
		A0787F401D7DC77E00A2109E /* 226 Invert Binary Tree.cpp in Sources */ = {isa = PBXBuildFile; fileRef = A0787F3F1D7DC77E00A2109E /* 226 Invert Binary Tree.cpp */; };
		A0787F421D7E6B6900A2109E /* 321 Create Maximum Number.cpp in Sources */ = {isa = PBXBuildFile; fileRef = A0787F411D7E6B6900A2109E /* 321 Create Maximum Number.cpp */; };
		A0C892B81D7406C4007ABB54 /* main.cpp in Sources */ = {isa = PBXBuildFile; fileRef = A0C892B71D7406C4007ABB54 /* main.cpp */; };
		A0C892BF1D741E56007ABB54 /* 391 Perfect Rectangle.cpp in Sources */ = {isa = PBXBuildFile; fileRef = A0C892BE1D741E56007ABB54 /* 391 Perfect Rectangle.cpp */; };
		A0C892C11D741EB6007ABB54 /* 1 Two Sum.cpp in Sources */ = {isa = PBXBuildFile; fileRef = A0C892C01D741EB6007ABB54 /* 1 Two Sum.cpp */; };
		A0C892C31D7428C8007ABB54 /* 2 Add Two Numbers.cpp in Sources */ = {isa = PBXBuildFile; fileRef = A0C892C21D7428C8007ABB54 /* 2 Add Two Numbers.cpp */; };
		A0C892C51D75239E007ABB54 /* 3 Longest Substring Without Repeating Characters.cpp in Sources */ = {isa = PBXBuildFile; fileRef = A0C892C41D75239E007ABB54 /* 3 Longest Substring Without Repeating Characters.cpp */; };
		A0C892C71D754129007ABB54 /* 4 Median of Two Sorted Arrays.cpp in Sources */ = {isa = PBXBuildFile; fileRef = A0C892C61D754129007ABB54 /* 4 Median of Two Sorted Arrays.cpp */; };
		A0C892C91D7549C1007ABB54 /* 5 Longest Palindromic Substring.cpp in Sources */ = {isa = PBXBuildFile; fileRef = A0C892C81D7549C1007ABB54 /* 5 Longest Palindromic Substring.cpp */; };
		A0C892CB1D75545A007ABB54 /* 6 ZigZag Conversion.cpp in Sources */ = {isa = PBXBuildFile; fileRef = A0C892CA1D75545A007ABB54 /* 6 ZigZag Conversion.cpp */; };
		A0C892CD1D757F5F007ABB54 /* 7 Reverse Integer.cpp in Sources */ = {isa = PBXBuildFile; fileRef = A0C892CC1D757F5F007ABB54 /* 7 Reverse Integer.cpp */; };
		A0C892CF1D75D2D1007ABB54 /* 8 String to Integer (atoi).cpp in Sources */ = {isa = PBXBuildFile; fileRef = A0C892CE1D75D2D1007ABB54 /* 8 String to Integer (atoi).cpp */; };
		A0C892D11D75E0B7007ABB54 /* 9 Palindrome Number.cpp in Sources */ = {isa = PBXBuildFile; fileRef = A0C892D01D75E0B7007ABB54 /* 9 Palindrome Number.cpp */; };
		A0C892D31D75E463007ABB54 /* 10 Regular Expression Matching.cpp in Sources */ = {isa = PBXBuildFile; fileRef = A0C892D21D75E463007ABB54 /* 10 Regular Expression Matching.cpp */; };
		A0C892D51D768224007ABB54 /* 11 Container With Most Water.cpp in Sources */ = {isa = PBXBuildFile; fileRef = A0C892D41D768224007ABB54 /* 11 Container With Most Water.cpp */; };
		A0C892D71D76939A007ABB54 /* 12 Integer to Roman.cpp in Sources */ = {isa = PBXBuildFile; fileRef = A0C892D61D76939A007ABB54 /* 12 Integer to Roman.cpp */; };
		A0C892D91D769A54007ABB54 /* 13 Roman to Integer.cpp in Sources */ = {isa = PBXBuildFile; fileRef = A0C892D81D769A54007ABB54 /* 13 Roman to Integer.cpp */; };
		A0C892DB1D76A754007ABB54 /* 14 Longest Common Prefix.cpp in Sources */ = {isa = PBXBuildFile; fileRef = A0C892DA1D76A754007ABB54 /* 14 Longest Common Prefix.cpp */; };
		A0C892DD1D76AB8D007ABB54 /* 15 3Sum.cpp in Sources */ = {isa = PBXBuildFile; fileRef = A0C892DC1D76AB8D007ABB54 /* 15 3Sum.cpp */; };
		A0C892E01D76AE1B007ABB54 /* 211 Add and Search Word - Data structure design.cpp in Sources */ = {isa = PBXBuildFile; fileRef = A0C892DE1D76AE1B007ABB54 /* 211 Add and Search Word - Data structure design.cpp */; };
		A0E6CE101D82D1C60007CFA0 /* 59 Spiral Matrix II.cpp in Sources */ = {isa = PBXBuildFile; fileRef = A0E6CE0F1D82D1C60007CFA0 /* 59 Spiral Matrix II.cpp */; };
		A0E6CE121D82D69F0007CFA0 /* 101 Symmetric Tree.cpp in Sources */ = {isa = PBXBuildFile; fileRef = A0E6CE111D82D69F0007CFA0 /* 101 Symmetric Tree.cpp */; };
		A0E6CE141D82D8560007CFA0 /* 91 Decode Ways.cpp in Sources */ = {isa = PBXBuildFile; fileRef = A0E6CE131D82D8560007CFA0 /* 91 Decode Ways.cpp */; };
/* End PBXBuildFile section */

/* Begin PBXCopyFilesBuildPhase section */
		A0C892B21D7406C4007ABB54 /* CopyFiles */ = {
			isa = PBXCopyFilesBuildPhase;
			buildActionMask = 2147483647;
			dstPath = /usr/share/man/man1/;
			dstSubfolderSpec = 0;
			files = (
			);
			runOnlyForDeploymentPostprocessing = 1;
		};
/* End PBXCopyFilesBuildPhase section */

/* Begin PBXFileReference section */
		A0327A181D8C67BB00C2EDEA /* 26 Remove Duplicates from Sorted Array.cpp */ = {isa = PBXFileReference; fileEncoding = 4; lastKnownFileType = sourcecode.cpp.cpp; path = "26 Remove Duplicates from Sorted Array.cpp"; sourceTree = "<group>"; };
		A036CF981D78153900A95825 /* 389 Find the Difference.cpp */ = {isa = PBXFileReference; fileEncoding = 4; lastKnownFileType = sourcecode.cpp.cpp; path = "389 Find the Difference.cpp"; sourceTree = "<group>"; };
		A036CF9A1D78181E00A95825 /* 85 Maximal Rectangle.cpp */ = {isa = PBXFileReference; fileEncoding = 4; lastKnownFileType = sourcecode.cpp.cpp; path = "85 Maximal Rectangle.cpp"; sourceTree = "<group>"; };
		A036CF9C1D795B9200A95825 /* 214 Shortest Palindrome.cpp */ = {isa = PBXFileReference; fileEncoding = 4; lastKnownFileType = sourcecode.cpp.cpp; path = "214 Shortest Palindrome.cpp"; sourceTree = "<group>"; };
		A0787F3B1D7DBADC00A2109E /* 383 Ransom Note.cpp */ = {isa = PBXFileReference; fileEncoding = 4; lastKnownFileType = sourcecode.cpp.cpp; path = "383 Ransom Note.cpp"; sourceTree = "<group>"; };
		A0787F3D1D7DBC4B00A2109E /* 71 Simplify Path.cpp */ = {isa = PBXFileReference; fileEncoding = 4; lastKnownFileType = sourcecode.cpp.cpp; path = "71 Simplify Path.cpp"; sourceTree = "<group>"; };
		A0787F3F1D7DC77E00A2109E /* 226 Invert Binary Tree.cpp */ = {isa = PBXFileReference; fileEncoding = 4; lastKnownFileType = sourcecode.cpp.cpp; path = "226 Invert Binary Tree.cpp"; sourceTree = "<group>"; };
		A0787F411D7E6B6900A2109E /* 321 Create Maximum Number.cpp */ = {isa = PBXFileReference; fileEncoding = 4; lastKnownFileType = sourcecode.cpp.cpp; path = "321 Create Maximum Number.cpp"; sourceTree = "<group>"; };
		A0C892B41D7406C4007ABB54 /* LeetCode */ = {isa = PBXFileReference; explicitFileType = "compiled.mach-o.executable"; includeInIndex = 0; path = LeetCode; sourceTree = BUILT_PRODUCTS_DIR; };
		A0C892B71D7406C4007ABB54 /* main.cpp */ = {isa = PBXFileReference; lastKnownFileType = sourcecode.cpp.cpp; path = main.cpp; sourceTree = "<group>"; };
		A0C892BE1D741E56007ABB54 /* 391 Perfect Rectangle.cpp */ = {isa = PBXFileReference; fileEncoding = 4; lastKnownFileType = sourcecode.cpp.cpp; path = "391 Perfect Rectangle.cpp"; sourceTree = "<group>"; };
		A0C892C01D741EB6007ABB54 /* 1 Two Sum.cpp */ = {isa = PBXFileReference; fileEncoding = 4; lastKnownFileType = sourcecode.cpp.cpp; path = "1 Two Sum.cpp"; sourceTree = "<group>"; };
		A0C892C21D7428C8007ABB54 /* 2 Add Two Numbers.cpp */ = {isa = PBXFileReference; fileEncoding = 4; lastKnownFileType = sourcecode.cpp.cpp; path = "2 Add Two Numbers.cpp"; sourceTree = "<group>"; };
		A0C892C41D75239E007ABB54 /* 3 Longest Substring Without Repeating Characters.cpp */ = {isa = PBXFileReference; fileEncoding = 4; lastKnownFileType = sourcecode.cpp.cpp; path = "3 Longest Substring Without Repeating Characters.cpp"; sourceTree = "<group>"; };
		A0C892C61D754129007ABB54 /* 4 Median of Two Sorted Arrays.cpp */ = {isa = PBXFileReference; fileEncoding = 4; lastKnownFileType = sourcecode.cpp.cpp; path = "4 Median of Two Sorted Arrays.cpp"; sourceTree = "<group>"; };
		A0C892C81D7549C1007ABB54 /* 5 Longest Palindromic Substring.cpp */ = {isa = PBXFileReference; fileEncoding = 4; lastKnownFileType = sourcecode.cpp.cpp; path = "5 Longest Palindromic Substring.cpp"; sourceTree = "<group>"; };
		A0C892CA1D75545A007ABB54 /* 6 ZigZag Conversion.cpp */ = {isa = PBXFileReference; fileEncoding = 4; lastKnownFileType = sourcecode.cpp.cpp; path = "6 ZigZag Conversion.cpp"; sourceTree = "<group>"; };
		A0C892CC1D757F5F007ABB54 /* 7 Reverse Integer.cpp */ = {isa = PBXFileReference; fileEncoding = 4; lastKnownFileType = sourcecode.cpp.cpp; path = "7 Reverse Integer.cpp"; sourceTree = "<group>"; };
		A0C892CE1D75D2D1007ABB54 /* 8 String to Integer (atoi).cpp */ = {isa = PBXFileReference; fileEncoding = 4; lastKnownFileType = sourcecode.cpp.cpp; path = "8 String to Integer (atoi).cpp"; sourceTree = "<group>"; };
		A0C892D01D75E0B7007ABB54 /* 9 Palindrome Number.cpp */ = {isa = PBXFileReference; fileEncoding = 4; lastKnownFileType = sourcecode.cpp.cpp; path = "9 Palindrome Number.cpp"; sourceTree = "<group>"; };
		A0C892D21D75E463007ABB54 /* 10 Regular Expression Matching.cpp */ = {isa = PBXFileReference; fileEncoding = 4; lastKnownFileType = sourcecode.cpp.cpp; path = "10 Regular Expression Matching.cpp"; sourceTree = "<group>"; };
		A0C892D41D768224007ABB54 /* 11 Container With Most Water.cpp */ = {isa = PBXFileReference; fileEncoding = 4; lastKnownFileType = sourcecode.cpp.cpp; path = "11 Container With Most Water.cpp"; sourceTree = "<group>"; };
		A0C892D61D76939A007ABB54 /* 12 Integer to Roman.cpp */ = {isa = PBXFileReference; fileEncoding = 4; lastKnownFileType = sourcecode.cpp.cpp; path = "12 Integer to Roman.cpp"; sourceTree = "<group>"; };
		A0C892D81D769A54007ABB54 /* 13 Roman to Integer.cpp */ = {isa = PBXFileReference; fileEncoding = 4; lastKnownFileType = sourcecode.cpp.cpp; path = "13 Roman to Integer.cpp"; sourceTree = "<group>"; };
		A0C892DA1D76A754007ABB54 /* 14 Longest Common Prefix.cpp */ = {isa = PBXFileReference; fileEncoding = 4; lastKnownFileType = sourcecode.cpp.cpp; path = "14 Longest Common Prefix.cpp"; sourceTree = "<group>"; };
		A0C892DC1D76AB8D007ABB54 /* 15 3Sum.cpp */ = {isa = PBXFileReference; fileEncoding = 4; lastKnownFileType = sourcecode.cpp.cpp; path = "15 3Sum.cpp"; sourceTree = "<group>"; };
		A0C892DE1D76AE1B007ABB54 /* 211 Add and Search Word - Data structure design.cpp */ = {isa = PBXFileReference; fileEncoding = 4; lastKnownFileType = sourcecode.cpp.cpp; path = "211 Add and Search Word - Data structure design.cpp"; sourceTree = "<group>"; };
		A0E6CE0F1D82D1C60007CFA0 /* 59 Spiral Matrix II.cpp */ = {isa = PBXFileReference; fileEncoding = 4; lastKnownFileType = sourcecode.cpp.cpp; path = "59 Spiral Matrix II.cpp"; sourceTree = "<group>"; };
		A0E6CE111D82D69F0007CFA0 /* 101 Symmetric Tree.cpp */ = {isa = PBXFileReference; fileEncoding = 4; lastKnownFileType = sourcecode.cpp.cpp; path = "101 Symmetric Tree.cpp"; sourceTree = "<group>"; };
		A0E6CE131D82D8560007CFA0 /* 91 Decode Ways.cpp */ = {isa = PBXFileReference; fileEncoding = 4; lastKnownFileType = sourcecode.cpp.cpp; path = "91 Decode Ways.cpp"; sourceTree = "<group>"; };
/* End PBXFileReference section */

/* Begin PBXFrameworksBuildPhase section */
		A0C892B11D7406C4007ABB54 /* Frameworks */ = {
			isa = PBXFrameworksBuildPhase;
			buildActionMask = 2147483647;
			files = (
			);
			runOnlyForDeploymentPostprocessing = 0;
		};
/* End PBXFrameworksBuildPhase section */

/* Begin PBXGroup section */
		A0C892AB1D7406C3007ABB54 = {
			isa = PBXGroup;
			children = (
				A0C892B61D7406C4007ABB54 /* LeetCode */,
				A0C892B51D7406C4007ABB54 /* Products */,
			);
			sourceTree = "<group>";
		};
		A0C892B51D7406C4007ABB54 /* Products */ = {
			isa = PBXGroup;
			children = (
				A0C892B41D7406C4007ABB54 /* LeetCode */,
			);
			name = Products;
			sourceTree = "<group>";
		};
		A0C892B61D7406C4007ABB54 /* LeetCode */ = {
			isa = PBXGroup;
			children = (
				A0C892B71D7406C4007ABB54 /* main.cpp */,
				A0C892BE1D741E56007ABB54 /* 391 Perfect Rectangle.cpp */,
				A0C892C01D741EB6007ABB54 /* 1 Two Sum.cpp */,
				A0C892C21D7428C8007ABB54 /* 2 Add Two Numbers.cpp */,
				A0C892C41D75239E007ABB54 /* 3 Longest Substring Without Repeating Characters.cpp */,
				A0C892C61D754129007ABB54 /* 4 Median of Two Sorted Arrays.cpp */,
				A0C892C81D7549C1007ABB54 /* 5 Longest Palindromic Substring.cpp */,
				A0C892CA1D75545A007ABB54 /* 6 ZigZag Conversion.cpp */,
				A0C892CC1D757F5F007ABB54 /* 7 Reverse Integer.cpp */,
				A0C892CE1D75D2D1007ABB54 /* 8 String to Integer (atoi).cpp */,
				A0C892D01D75E0B7007ABB54 /* 9 Palindrome Number.cpp */,
				A0C892D21D75E463007ABB54 /* 10 Regular Expression Matching.cpp */,
				A0C892D41D768224007ABB54 /* 11 Container With Most Water.cpp */,
				A0C892D61D76939A007ABB54 /* 12 Integer to Roman.cpp */,
				A0C892D81D769A54007ABB54 /* 13 Roman to Integer.cpp */,
				A0C892DA1D76A754007ABB54 /* 14 Longest Common Prefix.cpp */,
				A0C892DC1D76AB8D007ABB54 /* 15 3Sum.cpp */,
				A0C892DE1D76AE1B007ABB54 /* 211 Add and Search Word - Data structure design.cpp */,
				A036CF981D78153900A95825 /* 389 Find the Difference.cpp */,
				A036CF9A1D78181E00A95825 /* 85 Maximal Rectangle.cpp */,
				A036CF9C1D795B9200A95825 /* 214 Shortest Palindrome.cpp */,
				A0787F3B1D7DBADC00A2109E /* 383 Ransom Note.cpp */,
				A0787F3D1D7DBC4B00A2109E /* 71 Simplify Path.cpp */,
				A0787F3F1D7DC77E00A2109E /* 226 Invert Binary Tree.cpp */,
				A0787F411D7E6B6900A2109E /* 321 Create Maximum Number.cpp */,
				A0E6CE0F1D82D1C60007CFA0 /* 59 Spiral Matrix II.cpp */,
				A0E6CE111D82D69F0007CFA0 /* 101 Symmetric Tree.cpp */,
				A0E6CE131D82D8560007CFA0 /* 91 Decode Ways.cpp */,
				A0327A181D8C67BB00C2EDEA /* 26 Remove Duplicates from Sorted Array.cpp */,
			);
			path = LeetCode;
			sourceTree = "<group>";
		};
/* End PBXGroup section */

/* Begin PBXNativeTarget section */
		A0C892B31D7406C4007ABB54 /* LeetCode */ = {
			isa = PBXNativeTarget;
			buildConfigurationList = A0C892BB1D7406C4007ABB54 /* Build configuration list for PBXNativeTarget "LeetCode" */;
			buildPhases = (
				A0C892B01D7406C4007ABB54 /* Sources */,
				A0C892B11D7406C4007ABB54 /* Frameworks */,
				A0C892B21D7406C4007ABB54 /* CopyFiles */,
			);
			buildRules = (
			);
			dependencies = (
			);
			name = LeetCode;
			productName = LeetCode;
			productReference = A0C892B41D7406C4007ABB54 /* LeetCode */;
			productType = "com.apple.product-type.tool";
		};
/* End PBXNativeTarget section */

/* Begin PBXProject section */
		A0C892AC1D7406C3007ABB54 /* Project object */ = {
			isa = PBXProject;
			attributes = {
				LastUpgradeCheck = 0800;
				ORGANIZATIONNAME = "赵超";
				TargetAttributes = {
					A0C892B31D7406C4007ABB54 = {
						CreatedOnToolsVersion = 7.3.1;
					};
				};
			};
			buildConfigurationList = A0C892AF1D7406C3007ABB54 /* Build configuration list for PBXProject "LeetCode" */;
			compatibilityVersion = "Xcode 3.2";
			developmentRegion = English;
			hasScannedForEncodings = 0;
			knownRegions = (
				en,
			);
			mainGroup = A0C892AB1D7406C3007ABB54;
			productRefGroup = A0C892B51D7406C4007ABB54 /* Products */;
			projectDirPath = "";
			projectRoot = "";
			targets = (
				A0C892B31D7406C4007ABB54 /* LeetCode */,
			);
		};
/* End PBXProject section */

/* Begin PBXSourcesBuildPhase section */
		A0C892B01D7406C4007ABB54 /* Sources */ = {
			isa = PBXSourcesBuildPhase;
			buildActionMask = 2147483647;
			files = (
				A0E6CE101D82D1C60007CFA0 /* 59 Spiral Matrix II.cpp in Sources */,
				A0E6CE141D82D8560007CFA0 /* 91 Decode Ways.cpp in Sources */,
				A0C892D91D769A54007ABB54 /* 13 Roman to Integer.cpp in Sources */,
				A0E6CE121D82D69F0007CFA0 /* 101 Symmetric Tree.cpp in Sources */,
				A0C892CB1D75545A007ABB54 /* 6 ZigZag Conversion.cpp in Sources */,
				A0787F421D7E6B6900A2109E /* 321 Create Maximum Number.cpp in Sources */,
				A0C892E01D76AE1B007ABB54 /* 211 Add and Search Word - Data structure design.cpp in Sources */,
				A0C892D51D768224007ABB54 /* 11 Container With Most Water.cpp in Sources */,
				A036CF9D1D795B9200A95825 /* 214 Shortest Palindrome.cpp in Sources */,
				A036CF9B1D78181E00A95825 /* 85 Maximal Rectangle.cpp in Sources */,
				A0787F3C1D7DBADC00A2109E /* 383 Ransom Note.cpp in Sources */,
				A0C892D31D75E463007ABB54 /* 10 Regular Expression Matching.cpp in Sources */,
				A0C892B81D7406C4007ABB54 /* main.cpp in Sources */,
				A0C892DB1D76A754007ABB54 /* 14 Longest Common Prefix.cpp in Sources */,
				A036CF991D78153900A95825 /* 389 Find the Difference.cpp in Sources */,
				A0C892C11D741EB6007ABB54 /* 1 Two Sum.cpp in Sources */,
				A0C892D71D76939A007ABB54 /* 12 Integer to Roman.cpp in Sources */,
				A0C892CD1D757F5F007ABB54 /* 7 Reverse Integer.cpp in Sources */,
				A0C892C51D75239E007ABB54 /* 3 Longest Substring Without Repeating Characters.cpp in Sources */,
				A0C892D11D75E0B7007ABB54 /* 9 Palindrome Number.cpp in Sources */,
				A0C892DD1D76AB8D007ABB54 /* 15 3Sum.cpp in Sources */,
				A0327A191D8C67BB00C2EDEA /* 26 Remove Duplicates from Sorted Array.cpp in Sources */,
				A0C892BF1D741E56007ABB54 /* 391 Perfect Rectangle.cpp in Sources */,
				A0787F401D7DC77E00A2109E /* 226 Invert Binary Tree.cpp in Sources */,
				A0C892C71D754129007ABB54 /* 4 Median of Two Sorted Arrays.cpp in Sources */,
				A0C892C31D7428C8007ABB54 /* 2 Add Two Numbers.cpp in Sources */,
				A0787F3E1D7DBC4B00A2109E /* 71 Simplify Path.cpp in Sources */,
				A0C892C91D7549C1007ABB54 /* 5 Longest Palindromic Substring.cpp in Sources */,
				A0C892CF1D75D2D1007ABB54 /* 8 String to Integer (atoi).cpp in Sources */,
			);
			runOnlyForDeploymentPostprocessing = 0;
		};
/* End PBXSourcesBuildPhase section */

/* Begin XCBuildConfiguration section */
		A0C892B91D7406C4007ABB54 /* Debug */ = {
			isa = XCBuildConfiguration;
			buildSettings = {
				ALWAYS_SEARCH_USER_PATHS = NO;
				CLANG_ANALYZER_NONNULL = YES;
				CLANG_CXX_LANGUAGE_STANDARD = "gnu++0x";
				CLANG_CXX_LIBRARY = "libc++";
				CLANG_ENABLE_MODULES = YES;
				CLANG_ENABLE_OBJC_ARC = YES;
				CLANG_WARN_BOOL_CONVERSION = YES;
				CLANG_WARN_CONSTANT_CONVERSION = YES;
				CLANG_WARN_DIRECT_OBJC_ISA_USAGE = YES_ERROR;
				CLANG_WARN_EMPTY_BODY = YES;
				CLANG_WARN_ENUM_CONVERSION = YES;
				CLANG_WARN_INFINITE_RECURSION = YES;
				CLANG_WARN_INT_CONVERSION = YES;
				CLANG_WARN_OBJC_ROOT_CLASS = YES_ERROR;
				CLANG_WARN_SUSPICIOUS_MOVE = YES;
				CLANG_WARN_UNREACHABLE_CODE = YES;
				CLANG_WARN__DUPLICATE_METHOD_MATCH = YES;
				CODE_SIGN_IDENTITY = "-";
				COPY_PHASE_STRIP = NO;
				DEBUG_INFORMATION_FORMAT = dwarf;
				ENABLE_STRICT_OBJC_MSGSEND = YES;
				ENABLE_TESTABILITY = YES;
				GCC_C_LANGUAGE_STANDARD = gnu99;
				GCC_DYNAMIC_NO_PIC = NO;
				GCC_NO_COMMON_BLOCKS = YES;
				GCC_OPTIMIZATION_LEVEL = 0;
				GCC_PREPROCESSOR_DEFINITIONS = (
					"DEBUG=1",
					"$(inherited)",
				);
				GCC_WARN_64_TO_32_BIT_CONVERSION = YES;
				GCC_WARN_ABOUT_RETURN_TYPE = YES_ERROR;
				GCC_WARN_UNDECLARED_SELECTOR = YES;
				GCC_WARN_UNINITIALIZED_AUTOS = YES_AGGRESSIVE;
				GCC_WARN_UNUSED_FUNCTION = YES;
				GCC_WARN_UNUSED_VARIABLE = YES;
				MACOSX_DEPLOYMENT_TARGET = 10.11;
				MTL_ENABLE_DEBUG_INFO = YES;
				ONLY_ACTIVE_ARCH = YES;
				SDKROOT = macosx;
			};
			name = Debug;
		};
		A0C892BA1D7406C4007ABB54 /* Release */ = {
			isa = XCBuildConfiguration;
			buildSettings = {
				ALWAYS_SEARCH_USER_PATHS = NO;
				CLANG_ANALYZER_NONNULL = YES;
				CLANG_CXX_LANGUAGE_STANDARD = "gnu++0x";
				CLANG_CXX_LIBRARY = "libc++";
				CLANG_ENABLE_MODULES = YES;
				CLANG_ENABLE_OBJC_ARC = YES;
				CLANG_WARN_BOOL_CONVERSION = YES;
				CLANG_WARN_CONSTANT_CONVERSION = YES;
				CLANG_WARN_DIRECT_OBJC_ISA_USAGE = YES_ERROR;
				CLANG_WARN_EMPTY_BODY = YES;
				CLANG_WARN_ENUM_CONVERSION = YES;
				CLANG_WARN_INFINITE_RECURSION = YES;
				CLANG_WARN_INT_CONVERSION = YES;
				CLANG_WARN_OBJC_ROOT_CLASS = YES_ERROR;
				CLANG_WARN_SUSPICIOUS_MOVE = YES;
				CLANG_WARN_UNREACHABLE_CODE = YES;
				CLANG_WARN__DUPLICATE_METHOD_MATCH = YES;
				CODE_SIGN_IDENTITY = "-";
				COPY_PHASE_STRIP = NO;
				DEBUG_INFORMATION_FORMAT = "dwarf-with-dsym";
				ENABLE_NS_ASSERTIONS = NO;
				ENABLE_STRICT_OBJC_MSGSEND = YES;
				GCC_C_LANGUAGE_STANDARD = gnu99;
				GCC_NO_COMMON_BLOCKS = YES;
				GCC_WARN_64_TO_32_BIT_CONVERSION = YES;
				GCC_WARN_ABOUT_RETURN_TYPE = YES_ERROR;
				GCC_WARN_UNDECLARED_SELECTOR = YES;
				GCC_WARN_UNINITIALIZED_AUTOS = YES_AGGRESSIVE;
				GCC_WARN_UNUSED_FUNCTION = YES;
				GCC_WARN_UNUSED_VARIABLE = YES;
				MACOSX_DEPLOYMENT_TARGET = 10.11;
				MTL_ENABLE_DEBUG_INFO = NO;
				SDKROOT = macosx;
			};
			name = Release;
		};
		A0C892BC1D7406C4007ABB54 /* Debug */ = {
			isa = XCBuildConfiguration;
			buildSettings = {
				PRODUCT_NAME = "$(TARGET_NAME)";
			};
			name = Debug;
		};
		A0C892BD1D7406C4007ABB54 /* Release */ = {
			isa = XCBuildConfiguration;
			buildSettings = {
				PRODUCT_NAME = "$(TARGET_NAME)";
			};
			name = Release;
		};
/* End XCBuildConfiguration section */

/* Begin XCConfigurationList section */
		A0C892AF1D7406C3007ABB54 /* Build configuration list for PBXProject "LeetCode" */ = {
			isa = XCConfigurationList;
			buildConfigurations = (
				A0C892B91D7406C4007ABB54 /* Debug */,
				A0C892BA1D7406C4007ABB54 /* Release */,
			);
			defaultConfigurationIsVisible = 0;
			defaultConfigurationName = Release;
		};
		A0C892BB1D7406C4007ABB54 /* Build configuration list for PBXNativeTarget "LeetCode" */ = {
			isa = XCConfigurationList;
			buildConfigurations = (
				A0C892BC1D7406C4007ABB54 /* Debug */,
				A0C892BD1D7406C4007ABB54 /* Release */,
			);
			defaultConfigurationIsVisible = 0;
			defaultConfigurationName = Release;
		};
/* End XCConfigurationList section */
	};
	rootObject = A0C892AC1D7406C3007ABB54 /* Project object */;
}
